
Microsoft Visual Studio Solution File, Format Version 12.00
# Visual Studio Version 17
VisualStudioVersion = 17.0.31903.59
MinimumVisualStudioVersion = 10.0.40219.1
Project("{2150E333-8FDC-42A3-9474-1A3956D46DE8}") = "src", "src", "{1833801F-D0D2-4592-8843-6C9B5AE68C65}"
EndProject
Project("{FAE04EC0-301F-11D3-BF4B-00C04F79EFBC}") = "DevPilot.Contracts", "src\DevPilot.Contracts\DevPilot.Contracts.csproj", "{187FC93F-1151-411E-8830-59D9ED15082A}"
EndProject
Project("{FAE04EC0-301F-11D3-BF4B-00C04F79EFBC}") = "DevPilot.Core", "src\DevPilot.Core\DevPilot.Core.csproj", "{6C1B7E53-715F-4F43-A945-BC33061AA836}"
EndProject
Project("{FAE04EC0-301F-11D3-BF4B-00C04F79EFBC}") = "DevPilot.Shared", "src\DevPilot.Shared\DevPilot.Shared.csproj", "{1352AEB5-7B6B-4105-9246-5E6A5E9C0581}"
EndProject
Project("{FAE04EC0-301F-11D3-BF4B-00C04F79EFBC}") = "DevPilot.Indexer", "src\DevPilot.Indexer\DevPilot.Indexer.csproj", "{E3E679C6-2D7F-480E-B16E-9F79AEB8E1C3}"
EndProject
Project("{FAE04EC0-301F-11D3-BF4B-00C04F79EFBC}") = "DevPilot.Storage", "src\DevPilot.Storage\DevPilot.Storage.csproj", "{7822FC9F-7811-4848-80B7-53F9290FF9B0}"
EndProject
Project("{FAE04EC0-301F-11D3-BF4B-00C04F79EFBC}") = "DevPilot.AI", "src\DevPilot.AI\DevPilot.AI.csproj", "{8DB63711-E106-4DBA-A4B7-C355E758A57B}"
EndProject
Project("{FAE04EC0-301F-11D3-BF4B-00C04F79EFBC}") = "DevPilot.RAG", "src\DevPilot.RAG\DevPilot.RAG.csproj", "{72F1FB2A-AA19-497C-B18B-3181393FF48D}"
EndProject
Project("{FAE04EC0-301F-11D3-BF4B-00C04F79EFBC}") = "DevPilot.LocalService", "src\DevPilot.LocalService\DevPilot.LocalService.csproj", "{1676C366-EFF3-4F92-B7ED-C95BF07A34EB}"
EndProject
Project("{FAE04EC0-301F-11D3-BF4B-00C04F79EFBC}") = "DevPilot.CLI", "src\DevPilot.CLI\DevPilot.CLI.csproj", "{FBC4A018-AB7E-403C-B464-06D93202F0EF}"
EndProject
Project("{FAE04EC0-301F-11D3-BF4B-00C04F79EFBC}") = "DevPilot.UI", "src\DevPilot.UI\DevPilot.UI.csproj", "{C0890D33-B659-44A7-B8AE-8C409C9D50E5}"
EndProject
Project("{2150E333-8FDC-42A3-9474-1A3956D46DE8}") = "tests", "tests", "{F5457537-8C98-4B9A-B576-5CF4FFA89672}"
EndProject
Project("{FAE04EC0-301F-11D3-BF4B-00C04F79EFBC}") = "DevPilot.Core.Tests", "tests\DevPilot.Core.Tests\DevPilot.Core.Tests.csproj", "{55D6E16E-16F9-47B5-BBA2-3503463AC532}"
EndProject
Project("{FAE04EC0-301F-11D3-BF4B-00C04F79EFBC}") = "DevPilot.Storage.Tests", "tests\DevPilot.Storage.Tests\DevPilot.Storage.Tests.csproj", "{7DFAFEAE-3955-4FD0-B3C7-6859A1759039}"
EndProject
Project("{FAE04EC0-301F-11D3-BF4B-00C04F79EFBC}") = "DevPilot.Indexer.Tests", "tests\DevPilot.Indexer.Tests\DevPilot.Indexer.Tests.csproj", "{558CCEC7-B9CC-40D1-84A8-F0B57F0266BF}"
EndProject
Project("{FAE04EC0-301F-11D3-BF4B-00C04F79EFBC}") = "DevPilot.AI.Tests", "tests\DevPilot.AI.Tests\DevPilot.AI.Tests.csproj", "{33AF5537-29B7-4451-83B2-F97BB702B2B5}"
EndProject
Project("{FAE04EC0-301F-11D3-BF4B-00C04F79EFBC}") = "DevPilot.RAG.Tests", "tests\DevPilot.RAG.Tests\DevPilot.RAG.Tests.csproj", "{E58DE589-7E04-485E-B713-1CD3A8781670}"
EndProject
Project("{FAE04EC0-301F-11D3-BF4B-00C04F79EFBC}") = "DevPilot.UI.Tests", "tests\DevPilot.UI.Tests\DevPilot.UI.Tests.csproj", "{D8E88F4B-6F55-4F62-855D-90B896D83F3F}"
EndProject
Project("{FAE04EC0-301F-11D3-BF4B-00C04F79EFBC}") = "DevPilot.Patching", "src\DevPilot.Patching\DevPilot.Patching.csproj", "{B1A85471-278F-4156-AA86-C3F5794EDBFF}"
EndProject
Project("{FAE04EC0-301F-11D3-BF4B-00C04F79EFBC}") = "DevPilot.Patching.Tests", "tests\DevPilot.Patching.Tests\DevPilot.Patching.Tests.csproj", "{4526DF4D-F9B9-4986-BECE-97AB56F0483B}"
EndProject
Global
	GlobalSection(SolutionConfigurationPlatforms) = preSolution
		Debug|Any CPU = Debug|Any CPU
		Release|Any CPU = Release|Any CPU
	EndGlobalSection
	GlobalSection(SolutionProperties) = preSolution
		HideSolutionNode = FALSE
	EndGlobalSection
	GlobalSection(ProjectConfigurationPlatforms) = postSolution
		{187FC93F-1151-411E-8830-59D9ED15082A}.Debug|Any CPU.ActiveCfg = Debug|Any CPU
		{187FC93F-1151-411E-8830-59D9ED15082A}.Debug|Any CPU.Build.0 = Debug|Any CPU
		{187FC93F-1151-411E-8830-59D9ED15082A}.Release|Any CPU.ActiveCfg = Release|Any CPU
		{187FC93F-1151-411E-8830-59D9ED15082A}.Release|Any CPU.Build.0 = Release|Any CPU
		{6C1B7E53-715F-4F43-A945-BC33061AA836}.Debug|Any CPU.ActiveCfg = Debug|Any CPU
		{6C1B7E53-715F-4F43-A945-BC33061AA836}.Debug|Any CPU.Build.0 = Debug|Any CPU
		{6C1B7E53-715F-4F43-A945-BC33061AA836}.Release|Any CPU.ActiveCfg = Release|Any CPU
		{6C1B7E53-715F-4F43-A945-BC33061AA836}.Release|Any CPU.Build.0 = Release|Any CPU
		{1352AEB5-7B6B-4105-9246-5E6A5E9C0581}.Debug|Any CPU.ActiveCfg = Debug|Any CPU
		{1352AEB5-7B6B-4105-9246-5E6A5E9C0581}.Debug|Any CPU.Build.0 = Debug|Any CPU
		{1352AEB5-7B6B-4105-9246-5E6A5E9C0581}.Release|Any CPU.ActiveCfg = Release|Any CPU
		{1352AEB5-7B6B-4105-9246-5E6A5E9C0581}.Release|Any CPU.Build.0 = Release|Any CPU
		{E3E679C6-2D7F-480E-B16E-9F79AEB8E1C3}.Debug|Any CPU.ActiveCfg = Debug|Any CPU
		{E3E679C6-2D7F-480E-B16E-9F79AEB8E1C3}.Debug|Any CPU.Build.0 = Debug|Any CPU
		{E3E679C6-2D7F-480E-B16E-9F79AEB8E1C3}.Release|Any CPU.ActiveCfg = Release|Any CPU
		{E3E679C6-2D7F-480E-B16E-9F79AEB8E1C3}.Release|Any CPU.Build.0 = Release|Any CPU
		{7822FC9F-7811-4848-80B7-53F9290FF9B0}.Debug|Any CPU.ActiveCfg = Debug|Any CPU
		{7822FC9F-7811-4848-80B7-53F9290FF9B0}.Debug|Any CPU.Build.0 = Debug|Any CPU
		{7822FC9F-7811-4848-80B7-53F9290FF9B0}.Release|Any CPU.ActiveCfg = Release|Any CPU
		{7822FC9F-7811-4848-80B7-53F9290FF9B0}.Release|Any CPU.Build.0 = Release|Any CPU
		{8DB63711-E106-4DBA-A4B7-C355E758A57B}.Debug|Any CPU.ActiveCfg = Debug|Any CPU
		{8DB63711-E106-4DBA-A4B7-C355E758A57B}.Debug|Any CPU.Build.0 = Debug|Any CPU
		{8DB63711-E106-4DBA-A4B7-C355E758A57B}.Release|Any CPU.ActiveCfg = Release|Any CPU
		{8DB63711-E106-4DBA-A4B7-C355E758A57B}.Release|Any CPU.Build.0 = Release|Any CPU
		{72F1FB2A-AA19-497C-B18B-3181393FF48D}.Debug|Any CPU.ActiveCfg = Debug|Any CPU
		{72F1FB2A-AA19-497C-B18B-3181393FF48D}.Debug|Any CPU.Build.0 = Debug|Any CPU
		{72F1FB2A-AA19-497C-B18B-3181393FF48D}.Release|Any CPU.ActiveCfg = Release|Any CPU
		{72F1FB2A-AA19-497C-B18B-3181393FF48D}.Release|Any CPU.Build.0 = Release|Any CPU
		{1676C366-EFF3-4F92-B7ED-C95BF07A34EB}.Debug|Any CPU.ActiveCfg = Debug|Any CPU
		{1676C366-EFF3-4F92-B7ED-C95BF07A34EB}.Debug|Any CPU.Build.0 = Debug|Any CPU
		{1676C366-EFF3-4F92-B7ED-C95BF07A34EB}.Release|Any CPU.ActiveCfg = Release|Any CPU
		{1676C366-EFF3-4F92-B7ED-C95BF07A34EB}.Release|Any CPU.Build.0 = Release|Any CPU
		{FBC4A018-AB7E-403C-B464-06D93202F0EF}.Debug|Any CPU.ActiveCfg = Debug|Any CPU
		{FBC4A018-AB7E-403C-B464-06D93202F0EF}.Debug|Any CPU.Build.0 = Debug|Any CPU
		{FBC4A018-AB7E-403C-B464-06D93202F0EF}.Release|Any CPU.ActiveCfg = Release|Any CPU
		{FBC4A018-AB7E-403C-B464-06D93202F0EF}.Release|Any CPU.Build.0 = Release|Any CPU
		{C0890D33-B659-44A7-B8AE-8C409C9D50E5}.Debug|Any CPU.ActiveCfg = Debug|x64
		{C0890D33-B659-44A7-B8AE-8C409C9D50E5}.Debug|Any CPU.Build.0 = Debug|x64
		{C0890D33-B659-44A7-B8AE-8C409C9D50E5}.Release|Any CPU.ActiveCfg = Release|x64
		{C0890D33-B659-44A7-B8AE-8C409C9D50E5}.Release|Any CPU.Build.0 = Release|x64
		{55D6E16E-16F9-47B5-BBA2-3503463AC532}.Debug|Any CPU.ActiveCfg = Debug|Any CPU
		{55D6E16E-16F9-47B5-BBA2-3503463AC532}.Debug|Any CPU.Build.0 = Debug|Any CPU
		{55D6E16E-16F9-47B5-BBA2-3503463AC532}.Release|Any CPU.ActiveCfg = Release|Any CPU
		{55D6E16E-16F9-47B5-BBA2-3503463AC532}.Release|Any CPU.Build.0 = Release|Any CPU
		{7DFAFEAE-3955-4FD0-B3C7-6859A1759039}.Debug|Any CPU.ActiveCfg = Debug|Any CPU
		{7DFAFEAE-3955-4FD0-B3C7-6859A1759039}.Debug|Any CPU.Build.0 = Debug|Any CPU
		{7DFAFEAE-3955-4FD0-B3C7-6859A1759039}.Release|Any CPU.ActiveCfg = Release|Any CPU
		{7DFAFEAE-3955-4FD0-B3C7-6859A1759039}.Release|Any CPU.Build.0 = Release|Any CPU
		{558CCEC7-B9CC-40D1-84A8-F0B57F0266BF}.Debug|Any CPU.ActiveCfg = Debug|Any CPU
		{558CCEC7-B9CC-40D1-84A8-F0B57F0266BF}.Debug|Any CPU.Build.0 = Debug|Any CPU
		{558CCEC7-B9CC-40D1-84A8-F0B57F0266BF}.Release|Any CPU.ActiveCfg = Release|Any CPU
		{558CCEC7-B9CC-40D1-84A8-F0B57F0266BF}.Release|Any CPU.Build.0 = Release|Any CPU
		{33AF5537-29B7-4451-83B2-F97BB702B2B5}.Debug|Any CPU.ActiveCfg = Debug|Any CPU
		{33AF5537-29B7-4451-83B2-F97BB702B2B5}.Debug|Any CPU.Build.0 = Debug|Any CPU
		{33AF5537-29B7-4451-83B2-F97BB702B2B5}.Release|Any CPU.ActiveCfg = Release|Any CPU
		{33AF5537-29B7-4451-83B2-F97BB702B2B5}.Release|Any CPU.Build.0 = Release|Any CPU
		{E58DE589-7E04-485E-B713-1CD3A8781670}.Debug|Any CPU.ActiveCfg = Debug|Any CPU
		{E58DE589-7E04-485E-B713-1CD3A8781670}.Debug|Any CPU.Build.0 = Debug|Any CPU
		{E58DE589-7E04-485E-B713-1CD3A8781670}.Release|Any CPU.ActiveCfg = Release|Any CPU
		{E58DE589-7E04-485E-B713-1CD3A8781670}.Release|Any CPU.Build.0 = Release|Any CPU
		{D8E88F4B-6F55-4F62-855D-90B896D83F3F}.Debug|Any CPU.ActiveCfg = Debug|Any CPU
		{D8E88F4B-6F55-4F62-855D-90B896D83F3F}.Debug|Any CPU.Build.0 = Debug|Any CPU
		{D8E88F4B-6F55-4F62-855D-90B896D83F3F}.Release|Any CPU.ActiveCfg = Release|Any CPU
		{D8E88F4B-6F55-4F62-855D-90B896D83F3F}.Release|Any CPU.Build.0 = Release|Any CPU
		{B1A85471-278F-4156-AA86-C3F5794EDBFF}.Debug|Any CPU.ActiveCfg = Debug|Any CPU
		{B1A85471-278F-4156-AA86-C3F5794EDBFF}.Debug|Any CPU.Build.0 = Debug|Any CPU
		{B1A85471-278F-4156-AA86-C3F5794EDBFF}.Release|Any CPU.ActiveCfg = Release|Any CPU
		{B1A85471-278F-4156-AA86-C3F5794EDBFF}.Release|Any CPU.Build.0 = Release|Any CPU
		{4526DF4D-F9B9-4986-BECE-97AB56F0483B}.Debug|Any CPU.ActiveCfg = Debug|Any CPU
		{4526DF4D-F9B9-4986-BECE-97AB56F0483B}.Debug|Any CPU.Build.0 = Debug|Any CPU
		{4526DF4D-F9B9-4986-BECE-97AB56F0483B}.Release|Any CPU.ActiveCfg = Release|Any CPU
		{4526DF4D-F9B9-4986-BECE-97AB56F0483B}.Release|Any CPU.Build.0 = Release|Any CPU
	EndGlobalSection
	GlobalSection(NestedProjects) = preSolution
		{187FC93F-1151-411E-8830-59D9ED15082A} = {1833801F-D0D2-4592-8843-6C9B5AE68C65}
		{6C1B7E53-715F-4F43-A945-BC33061AA836} = {1833801F-D0D2-4592-8843-6C9B5AE68C65}
		{1352AEB5-7B6B-4105-9246-5E6A5E9C0581} = {1833801F-D0D2-4592-8843-6C9B5AE68C65}
		{E3E679C6-2D7F-480E-B16E-9F79AEB8E1C3} = {1833801F-D0D2-4592-8843-6C9B5AE68C65}
		{7822FC9F-7811-4848-80B7-53F9290FF9B0} = {1833801F-D0D2-4592-8843-6C9B5AE68C65}
		{8DB63711-E106-4DBA-A4B7-C355E758A57B} = {1833801F-D0D2-4592-8843-6C9B5AE68C65}
		{72F1FB2A-AA19-497C-B18B-3181393FF48D} = {1833801F-D0D2-4592-8843-6C9B5AE68C65}
		{1676C366-EFF3-4F92-B7ED-C95BF07A34EB} = {1833801F-D0D2-4592-8843-6C9B5AE68C65}
		{FBC4A018-AB7E-403C-B464-06D93202F0EF} = {1833801F-D0D2-4592-8843-6C9B5AE68C65}
		{C0890D33-B659-44A7-B8AE-8C409C9D50E5} = {1833801F-D0D2-4592-8843-6C9B5AE68C65}
		{55D6E16E-16F9-47B5-BBA2-3503463AC532} = {F5457537-8C98-4B9A-B576-5CF4FFA89672}
		{7DFAFEAE-3955-4FD0-B3C7-6859A1759039} = {F5457537-8C98-4B9A-B576-5CF4FFA89672}
		{558CCEC7-B9CC-40D1-84A8-F0B57F0266BF} = {F5457537-8C98-4B9A-B576-5CF4FFA89672}
		{33AF5537-29B7-4451-83B2-F97BB702B2B5} = {F5457537-8C98-4B9A-B576-5CF4FFA89672}
		{E58DE589-7E04-485E-B713-1CD3A8781670} = {F5457537-8C98-4B9A-B576-5CF4FFA89672}
		{D8E88F4B-6F55-4F62-855D-90B896D83F3F} = {F5457537-8C98-4B9A-B576-5CF4FFA89672}
		{B1A85471-278F-4156-AA86-C3F5794EDBFF} = {1833801F-D0D2-4592-8843-6C9B5AE68C65}
		{4526DF4D-F9B9-4986-BECE-97AB56F0483B} = {F5457537-8C98-4B9A-B576-5CF4FFA89672}
	EndGlobalSection
EndGlobal
